
Microsoft Visual Studio Solution File, Format Version 12.00
# Visual Studio Version 17
VisualStudioVersion = 17.9.34622.214
MinimumVisualStudioVersion = 10.0.40219.1
Project("{2150E333-8FDC-42A3-9474-1A3956D46DE8}") = "src", "src", "{28EC60A7-70F2-46FC-AA79-0D232836F843}"
EndProject
Project("{2150E333-8FDC-42A3-9474-1A3956D46DE8}") = "tests", "tests", "{FBA4C315-A62D-4B83-8124-8436D8F668ED}"
EndProject
Project("{54A90642-561A-4BB1-A94E-469ADEE60C69}") = "EFishingClub.Client", "EFishingClub.Client\EFishingClub.Client.esproj", "{6400F754-0243-49CD-8614-D220B42AACF2}"
EndProject
Global
	GlobalSection(SolutionConfigurationPlatforms) = preSolution
		Debug|Any CPU = Debug|Any CPU
		Release|Any CPU = Release|Any CPU
	EndGlobalSection
	GlobalSection(ProjectConfigurationPlatforms) = postSolution
		{6400F754-0243-49CD-8614-D220B42AACF2}.Debug|Any CPU.ActiveCfg = Debug|Any CPU
		{6400F754-0243-49CD-8614-D220B42AACF2}.Debug|Any CPU.Build.0 = Debug|Any CPU
		{6400F754-0243-49CD-8614-D220B42AACF2}.Debug|Any CPU.Deploy.0 = Debug|Any CPU
		{6400F754-0243-49CD-8614-D220B42AACF2}.Release|Any CPU.ActiveCfg = Release|Any CPU
		{6400F754-0243-49CD-8614-D220B42AACF2}.Release|Any CPU.Build.0 = Release|Any CPU
		{6400F754-0243-49CD-8614-D220B42AACF2}.Release|Any CPU.Deploy.0 = Release|Any CPU
	EndGlobalSection
	GlobalSection(SolutionProperties) = preSolution
		HideSolutionNode = FALSE
	EndGlobalSection
	GlobalSection(NestedProjects) = preSolution
		{6400F754-0243-49CD-8614-D220B42AACF2} = {28EC60A7-70F2-46FC-AA79-0D232836F843}
	EndGlobalSection
	GlobalSection(ExtensibilityGlobals) = postSolution
		SolutionGuid = {210F3292-9A51-45FB-9DC6-CBC4139330E6}
	EndGlobalSection
EndGlobal
